
Microsoft Visual Studio Solution File, Format Version 12.00
# Visual Studio Version 16
VisualStudioVersion = 16.0.30907.101
MinimumVisualStudioVersion = 10.0.40219.1
Project("{9A19103F-16F7-4668-BE54-9A1E7A4F7556}") = "ResourceFile.Test", "ResourceFile.Test\ResourceFile.Test.csproj", "{A58BEFF5-C7F9-4B75-B6C2-6F6C23FA0FD3}"
EndProject
Project("{FAE04EC0-301F-11D3-BF4B-00C04F79EFBC}") = "ResourceConfig", "ResourceConfig\ResourceConfig.csproj", "{30374F1F-5448-4102-8C8D-119903C7F554}"
EndProject
Global
	GlobalSection(SolutionConfigurationPlatforms) = preSolution
		Debug|Any CPU = Debug|Any CPU
		Release|Any CPU = Release|Any CPU
	EndGlobalSection
	GlobalSection(ProjectConfigurationPlatforms) = postSolution
		{A58BEFF5-C7F9-4B75-B6C2-6F6C23FA0FD3}.Debug|Any CPU.ActiveCfg = Debug|Any CPU
		{A58BEFF5-C7F9-4B75-B6C2-6F6C23FA0FD3}.Debug|Any CPU.Build.0 = Debug|Any CPU
		{A58BEFF5-C7F9-4B75-B6C2-6F6C23FA0FD3}.Release|Any CPU.ActiveCfg = Release|Any CPU
		{A58BEFF5-C7F9-4B75-B6C2-6F6C23FA0FD3}.Release|Any CPU.Build.0 = Release|Any CPU
		{30374F1F-5448-4102-8C8D-119903C7F554}.Debug|Any CPU.ActiveCfg = Debug|Any CPU
		{30374F1F-5448-4102-8C8D-119903C7F554}.Debug|Any CPU.Build.0 = Debug|Any CPU
		{30374F1F-5448-4102-8C8D-119903C7F554}.Release|Any CPU.ActiveCfg = Release|Any CPU
		{30374F1F-5448-4102-8C8D-119903C7F554}.Release|Any CPU.Build.0 = Release|Any CPU
	EndGlobalSection
	GlobalSection(SolutionProperties) = preSolution
		HideSolutionNode = FALSE
	EndGlobalSection
	GlobalSection(ExtensibilityGlobals) = postSolution
		SolutionGuid = {790DB66F-31DC-4365-B5EA-8E1C9AB9A54E}
	EndGlobalSection
EndGlobal
